{
  "version": 4,
  "terraform_version": "1.1.7",
  "serial": 16,
  "lineage": "74be04b4-444c-e9c9-1cee-1a8b6da5fc4f",
  "outputs": {},
  "resources": [
    {
      "mode": "managed",
      "type": "aws_subnet",
      "name": "subnet_app",
      "provider": "provider[\"registry.terraform.io/hashicorp/aws\"]",
      "instances": [
        {
          "schema_version": 1,
          "attributes": {
            "arn": "arn:aws:ec2:ca-central-1:777203705741:subnet/subnet-087c8d470b66f0e8e",
            "assign_ipv6_address_on_creation": false,
            "availability_zone": "ca-central-1b",
            "availability_zone_id": "cac1-az2",
            "cidr_block": "192.168.5.32/27",
            "customer_owned_ipv4_pool": "",
            "enable_dns64": false,
            "enable_resource_name_dns_a_record_on_launch": false,
            "enable_resource_name_dns_aaaa_record_on_launch": false,
            "id": "subnet-087c8d470b66f0e8e",
            "ipv6_cidr_block": "",
            "ipv6_cidr_block_association_id": "",
            "ipv6_native": false,
            "map_customer_owned_ip_on_launch": false,
            "map_public_ip_on_launch": false,
            "outpost_arn": "",
            "owner_id": "777203705741",
            "private_dns_hostname_type_on_launch": "ip-name",
            "tags": {
              "Name": "subnet_app1"
            },
            "tags_all": {
              "Name": "subnet_app1"
            },
            "timeouts": null,
            "vpc_id": "vpc-0f70a84739157fac5"
          },
          "sensitive_attributes": [],
          "private": "eyJlMmJmYjczMC1lY2FhLTExZTYtOGY4OC0zNDM2M2JjN2M0YzAiOnsiY3JlYXRlIjo2MDAwMDAwMDAwMDAsImRlbGV0ZSI6MTIwMDAwMDAwMDAwMH0sInNjaGVtYV92ZXJzaW9uIjoiMSJ9",
          "dependencies": [
            "aws_vpc.dima"
          ]
        }
      ]
    },
    {
      "mode": "managed",
      "type": "aws_subnet",
      "name": "subnet_db",
      "provider": "provider[\"registry.terraform.io/hashicorp/aws\"]",
      "instances": [
        {
          "schema_version": 1,
          "attributes": {
            "arn": "arn:aws:ec2:ca-central-1:777203705741:subnet/subnet-0b31f06af59bfba36",
            "assign_ipv6_address_on_creation": false,
            "availability_zone": "ca-central-1b",
            "availability_zone_id": "cac1-az2",
            "cidr_block": "192.168.5.64/28",
            "customer_owned_ipv4_pool": "",
            "enable_dns64": false,
            "enable_resource_name_dns_a_record_on_launch": false,
            "enable_resource_name_dns_aaaa_record_on_launch": false,
            "id": "subnet-0b31f06af59bfba36",
            "ipv6_cidr_block": "",
            "ipv6_cidr_block_association_id": "",
            "ipv6_native": false,
            "map_customer_owned_ip_on_launch": false,
            "map_public_ip_on_launch": false,
            "outpost_arn": "",
            "owner_id": "777203705741",
            "private_dns_hostname_type_on_launch": "ip-name",
            "tags": {
              "Name": "subnet_db1"
            },
            "tags_all": {
              "Name": "subnet_db1"
            },
            "timeouts": null,
            "vpc_id": "vpc-0f70a84739157fac5"
          },
          "sensitive_attributes": [],
          "private": "eyJlMmJmYjczMC1lY2FhLTExZTYtOGY4OC0zNDM2M2JjN2M0YzAiOnsiY3JlYXRlIjo2MDAwMDAwMDAwMDAsImRlbGV0ZSI6MTIwMDAwMDAwMDAwMH0sInNjaGVtYV92ZXJzaW9uIjoiMSJ9",
          "dependencies": [
            "aws_vpc.dima"
          ]
        }
      ]
    },
    {
      "mode": "managed",
      "type": "aws_subnet",
      "name": "subnet_web",
      "provider": "provider[\"registry.terraform.io/hashicorp/aws\"]",
      "instances": [
        {
          "schema_version": 1,
          "attributes": {
            "arn": "arn:aws:ec2:ca-central-1:777203705741:subnet/subnet-095e80e8efa1924b3",
            "assign_ipv6_address_on_creation": false,
            "availability_zone": "ca-central-1b",
            "availability_zone_id": "cac1-az2",
            "cidr_block": "192.168.5.0/27",
            "customer_owned_ipv4_pool": "",
            "enable_dns64": false,
            "enable_resource_name_dns_a_record_on_launch": false,
            "enable_resource_name_dns_aaaa_record_on_launch": false,
            "id": "subnet-095e80e8efa1924b3",
            "ipv6_cidr_block": "",
            "ipv6_cidr_block_association_id": "",
            "ipv6_native": false,
            "map_customer_owned_ip_on_launch": false,
            "map_public_ip_on_launch": false,
            "outpost_arn": "",
            "owner_id": "777203705741",
            "private_dns_hostname_type_on_launch": "ip-name",
            "tags": {
              "Name": "subnet_web1"
            },
            "tags_all": {
              "Name": "subnet_web1"
            },
            "timeouts": null,
            "vpc_id": "vpc-0f70a84739157fac5"
          },
          "sensitive_attributes": [],
          "private": "eyJlMmJmYjczMC1lY2FhLTExZTYtOGY4OC0zNDM2M2JjN2M0YzAiOnsiY3JlYXRlIjo2MDAwMDAwMDAwMDAsImRlbGV0ZSI6MTIwMDAwMDAwMDAwMH0sInNjaGVtYV92ZXJzaW9uIjoiMSJ9",
          "dependencies": [
            "aws_vpc.dima"
          ]
        }
      ]
    },
    {
      "mode": "managed",
      "type": "aws_vpc",
      "name": "dima",
      "provider": "provider[\"registry.terraform.io/hashicorp/aws\"]",
      "instances": [
        {
          "schema_version": 1,
          "attributes": {
            "arn": "arn:aws:ec2:ca-central-1:777203705741:vpc/vpc-0f70a84739157fac5",
            "assign_generated_ipv6_cidr_block": false,
            "cidr_block": "192.168.5.0/24",
            "default_network_acl_id": "acl-09b3a636dbf7c9978",
            "default_route_table_id": "rtb-06d3f4551265e17fb",
            "default_security_group_id": "sg-031b8239dc82dab13",
            "dhcp_options_id": "dopt-0b6d30000a3ff4d16",
            "enable_classiclink": false,
            "enable_classiclink_dns_support": false,
            "enable_dns_hostnames": false,
            "enable_dns_support": true,
            "id": "vpc-0f70a84739157fac5",
            "instance_tenancy": "default",
            "ipv4_ipam_pool_id": null,
            "ipv4_netmask_length": null,
            "ipv6_association_id": "",
            "ipv6_cidr_block": "",
            "ipv6_cidr_block_network_border_group": "",
            "ipv6_ipam_pool_id": "",
            "ipv6_netmask_length": 0,
            "main_route_table_id": "rtb-06d3f4551265e17fb",
            "owner_id": "777203705741",
            "tags": {
              "Name": "dima-vpc"
            },
            "tags_all": {
              "Name": "dima-vpc"
            }
          },
          "sensitive_attributes": [],
          "private": "eyJzY2hlbWFfdmVyc2lvbiI6IjEifQ=="
        }
      ]
    }
  ]
}
